# This file is automatically @generated by Cargo.
# It is not intended for manual editing.
version = 3

[[package]]
name = "arrayref"
version = "0.3.5"
source = "registry+https://github.com/rust-lang/crates.io-index"
checksum = "0d382e583f07208808f6b1249e60848879ba3543f57c32277bf52d69c2f0f0ee"

[[package]]
name = "arrayvec"
version = "0.4.10"
source = "registry+https://github.com/rust-lang/crates.io-index"
checksum = "92c7fb76bc8826a8b33b4ee5bb07a247a81e76764ab4d55e8f73e3a4d8808c71"
dependencies = [
 "nodrop",
]

[[package]]
name = "autocfg"
version = "0.1.2"
source = "registry+https://github.com/rust-lang/crates.io-index"
checksum = "a6d640bee2da49f60a4068a7fae53acde8982514ab7bae8b8cea9e88cbcfd799"

[[package]]
name = "backtrace"
version = "0.3.13"
source = "registry+https://github.com/rust-lang/crates.io-index"
checksum = "b5b493b66e03090ebc4343eb02f94ff944e0cbc9ac6571491d170ba026741eb5"
dependencies = [
 "autocfg",
 "backtrace-sys",
 "cfg-if",
 "libc",
 "rustc-demangle",
 "winapi",
]

[[package]]
name = "backtrace-sys"
version = "0.1.28"
source = "registry+https://github.com/rust-lang/crates.io-index"
checksum = "797c830ac25ccc92a7f8a7b9862bde440715531514594a6154e3d4a54dd769b6"
dependencies = [
 "cc",
 "libc",
]

[[package]]
name = "base58"
version = "0.1.0"
source = "registry+https://github.com/rust-lang/crates.io-index"
checksum = "5024ee8015f02155eee35c711107ddd9a9bf3cb689cf2a9089c97e79b6e1ae83"

[[package]]
name = "bellman"
version = "0.1.0"
dependencies = [
 "bit-vec",
 "byteorder",
 "crossbeam",
 "futures",
 "futures-cpupool",
 "num_cpus",
 "pairing",
 "parity-codec",
 "parity-codec-derive",
 "rand 0.4.6",
 "serde",
 "serde_derive",
 "sr-io",
 "sr-std",
]

[[package]]
name = "bellman-verifier"
version = "0.1.0"
dependencies = [
 "pairing",
 "parity-codec",
 "parity-codec-derive",
 "rand 0.4.6",
 "serde",
 "serde_derive",
 "sr-std",
]

[[package]]
name = "bit-vec"
version = "0.5.0"
source = "git+https://github.com/osuketh/bit-vec#656d1139ee51ed682df9c46781f3ddf9fff742e9"

[[package]]
name = "bitflags"
version = "1.0.4"
source = "registry+https://github.com/rust-lang/crates.io-index"
checksum = "228047a76f468627ca71776ecdebd732a3423081fcf5125585bcd7c49886ce12"

[[package]]
name = "blake2-rfc"
version = "0.2.18"
source = "registry+https://github.com/rust-lang/crates.io-index"
checksum = "5d6d530bdd2d52966a6d03b7a964add7ae1a288d25214066fd4b600f0f796400"
dependencies = [
 "arrayvec",
 "constant_time_eq",
]

[[package]]
name = "blake2-rfc"
version = "0.2.18"
source = "git+https://github.com/gtank/blake2-rfc?rev=7a5b5fc99ae483a0043db7547fb79a6fa44b88a9#7a5b5fc99ae483a0043db7547fb79a6fa44b88a9"
dependencies = [
 "arrayvec",
 "byteorder",
 "constant_time_eq",
]

[[package]]
name = "block-buffer"
version = "0.2.0"
source = "registry+https://github.com/rust-lang/crates.io-index"
checksum = "1339a1042f5d9f295737ad4d9a6ab6bf81c84a933dba110b9200cd6d1448b814"
dependencies = [
 "byte-tools 0.2.0",
 "generic-array 0.8.3",
]

[[package]]
name = "block-buffer"
version = "0.7.0"
source = "registry+https://github.com/rust-lang/crates.io-index"
checksum = "49665c62e0e700857531fa5d3763e91b539ff1abeebd56808d378b495870d60d"
dependencies = [
 "block-padding",
 "byte-tools 0.3.1",
 "byteorder",
 "generic-array 0.12.0",
]

[[package]]
name = "block-padding"
version = "0.1.3"
source = "registry+https://github.com/rust-lang/crates.io-index"
checksum = "d75255892aeb580d3c566f213a2b6fdc1c66667839f45719ee1d30ebf2aea591"
dependencies = [
 "byte-tools 0.3.1",
]

[[package]]
name = "byte-tools"
version = "0.2.0"
source = "registry+https://github.com/rust-lang/crates.io-index"
checksum = "560c32574a12a89ecd91f5e742165893f86e3ab98d21f8ea548658eb9eef5f40"

[[package]]
name = "byte-tools"
version = "0.3.1"
source = "registry+https://github.com/rust-lang/crates.io-index"
checksum = "e3b5ca7a04898ad4bcd41c90c5285445ff5b791899bb1b0abdd2a2aa791211d7"

[[package]]
name = "byteorder"
version = "1.3.1"
source = "registry+https://github.com/rust-lang/crates.io-index"
checksum = "a019b10a2a7cdeb292db131fc8113e57ea2a908f6e7894b0c3c671893b65dbeb"

[[package]]
name = "cc"
version = "1.0.29"
source = "registry+https://github.com/rust-lang/crates.io-index"
checksum = "4390a3b5f4f6bce9c1d0c00128379df433e53777fdd30e92f16a529332baec4e"

[[package]]
name = "cfg-if"
version = "0.1.6"
source = "registry+https://github.com/rust-lang/crates.io-index"
checksum = "082bb9b28e00d3c9d39cc03e64ce4cea0f1bb9b3fde493f0cbc008472d22bdf4"

[[package]]
name = "clear_on_drop"
version = "0.2.3"
source = "registry+https://github.com/rust-lang/crates.io-index"
checksum = "97276801e127ffb46b66ce23f35cc96bd454fa311294bced4bbace7baa8b1d17"
dependencies = [
 "cc",
]

[[package]]
name = "cloudabi"
version = "0.0.3"
source = "registry+https://github.com/rust-lang/crates.io-index"
checksum = "ddfc5b9aa5d4507acaf872de71051dfd0e309860e88966e1051e462a077aac4f"
dependencies = [
 "bitflags",
]

[[package]]
name = "constant_time_eq"
version = "0.1.3"
source = "registry+https://github.com/rust-lang/crates.io-index"
checksum = "8ff012e225ce166d4422e0e78419d901719760f62ae2b7969ca6b564d1b54a9e"

[[package]]
name = "crossbeam"
version = "0.3.2"
source = "registry+https://github.com/rust-lang/crates.io-index"
checksum = "24ce9782d4d5c53674646a6a4c1863a21a8fc0cb649b3c94dfc16e45071dea19"

[[package]]
name = "crunchy"
version = "0.1.6"
source = "registry+https://github.com/rust-lang/crates.io-index"
checksum = "a2f4a431c5c9f662e1200b7c7f02c34e91361150e382089a8f2dec3ba680cbda"

[[package]]
name = "crunchy"
version = "0.2.1"
source = "registry+https://github.com/rust-lang/crates.io-index"
checksum = "c240f247c278fa08a6d4820a6a222bfc6e0d999e51ba67be94f44c905b2161f2"

[[package]]
name = "crypto-mac"
version = "0.4.0"
source = "registry+https://github.com/rust-lang/crates.io-index"
checksum = "779015233ac67d65098614aec748ac1c756ab6677fa2e14cf8b37c08dfed1198"
dependencies = [
 "constant_time_eq",
 "generic-array 0.8.3",
]

[[package]]
name = "curve25519-dalek"
version = "1.0.3"
source = "registry+https://github.com/rust-lang/crates.io-index"
checksum = "dae47cc3529cdab597dbc8b606e565707209b506e55848f3c15679214a56c956"
dependencies = [
 "byteorder",
 "clear_on_drop",
 "digest 0.8.0",
 "rand 0.6.5",
 "subtle",
]

[[package]]
name = "digest"
version = "0.6.2"
source = "registry+https://github.com/rust-lang/crates.io-index"
checksum = "e5b29bf156f3f4b3c4f610a25ff69370616ae6e0657d416de22645483e72af0a"
dependencies = [
 "generic-array 0.8.3",
]

[[package]]
name = "digest"
version = "0.7.6"
source = "registry+https://github.com/rust-lang/crates.io-index"
checksum = "03b072242a8cbaf9c145665af9d250c59af3b958f83ed6824e13533cf76d5b90"
dependencies = [
 "generic-array 0.9.0",
]

[[package]]
name = "digest"
version = "0.8.0"
source = "registry+https://github.com/rust-lang/crates.io-index"
checksum = "05f47366984d3ad862010e22c7ce81a7dbcaebbdfb37241a620f8b6596ee135c"
dependencies = [
 "generic-array 0.12.0",
]

[[package]]
name = "ed25519-dalek"
version = "1.0.0-pre.1"
source = "registry+https://github.com/rust-lang/crates.io-index"
checksum = "81956bcf7ef761fb4e1d88de3fa181358a0d26cbcb9755b587a08f9119824b86"
dependencies = [
 "clear_on_drop",
 "curve25519-dalek",
 "failure",
 "rand 0.6.5",
 "sha2 0.8.0",
]

[[package]]
name = "elastic-array"
version = "0.10.0"
source = "registry+https://github.com/rust-lang/crates.io-index"
checksum = "88d4851b005ef16de812ea9acdb7bece2f0a40dd86c07b85631d7dafa54537bb"
dependencies = [
 "heapsize",
]

[[package]]
name = "environmental"
version = "1.0.0"
source = "registry+https://github.com/rust-lang/crates.io-index"
checksum = "db746025e3ea695bfa0ae744dbacd5fcfc8db51b9760cf8bd0ab69708bb93c49"

[[package]]
name = "failure"
version = "0.1.5"
source = "registry+https://github.com/rust-lang/crates.io-index"
checksum = "795bd83d3abeb9220f257e597aa0080a508b27533824adf336529648f6abf7e2"

[[package]]
name = "fake-simd"
version = "0.1.2"
source = "registry+https://github.com/rust-lang/crates.io-index"
checksum = "e88a8acf291dafb59c2d96e8f59828f3838bb1a70398823ade51a84de6a6deed"

[[package]]
name = "fixed-hash"
version = "0.3.0"
source = "registry+https://github.com/rust-lang/crates.io-index"
checksum = "a557e80084b05c32b455963ff565a9de6f2866da023d6671705c6aff6f65e01c"
dependencies = [
 "byteorder",
 "heapsize",
 "libc",
 "rand 0.5.6",
 "rustc-hex",
 "static_assertions",
]

[[package]]
name = "fuchsia-cprng"
version = "0.1.1"
source = "registry+https://github.com/rust-lang/crates.io-index"
checksum = "a06f77d526c1a601b7c4cdd98f54b5eaabffc14d5f2f0296febdc7f357c6d3ba"

[[package]]
name = "futures"
version = "0.1.25"
source = "registry+https://github.com/rust-lang/crates.io-index"
checksum = "49e7653e374fe0d0c12de4250f0bdb60680b8c80eed558c5c7538eec9c89e21b"

[[package]]
name = "futures-cpupool"
version = "0.1.8"
source = "registry+https://github.com/rust-lang/crates.io-index"
checksum = "ab90cde24b3319636588d0c35fe03b1333857621051837ed769faefb4c2162e4"
dependencies = [
 "futures",
 "num_cpus",
]

[[package]]
name = "gcc"
version = "0.3.55"
source = "registry+https://github.com/rust-lang/crates.io-index"
checksum = "8f5f3913fa0bfe7ee1fd8248b6b9f42a5af4b9d65ec2dd2c3c26132b950ecfc2"

[[package]]
name = "generic-array"
version = "0.8.3"
source = "registry+https://github.com/rust-lang/crates.io-index"
checksum = "fceb69994e330afed50c93524be68c42fa898c2d9fd4ee8da03bd7363acd26f2"
dependencies = [
 "nodrop",
 "typenum",
]

[[package]]
name = "generic-array"
version = "0.9.0"
source = "registry+https://github.com/rust-lang/crates.io-index"
checksum = "ef25c5683767570c2bbd7deba372926a55eaae9982d7726ee2a1050239d45b9d"
dependencies = [
 "typenum",
]

[[package]]
name = "generic-array"
version = "0.12.0"
source = "registry+https://github.com/rust-lang/crates.io-index"
checksum = "3c0f28c2f5bfb5960175af447a2da7c18900693738343dc896ffbcabd9839592"
dependencies = [
 "typenum",
]

[[package]]
name = "hash-db"
version = "0.11.0"
source = "registry+https://github.com/rust-lang/crates.io-index"
checksum = "1b03501f6e1a2a97f1618879aba3156f14ca2847faa530c4e28859638bd11483"

[[package]]
name = "hash256-std-hasher"
version = "0.11.0"
source = "registry+https://github.com/rust-lang/crates.io-index"
checksum = "f5c13dbac3cc50684760f54af18545c9e80fb75e93a3e586d71ebdc13138f6a4"
dependencies = [
 "crunchy 0.2.1",
]

[[package]]
name = "heapsize"
version = "0.4.2"
source = "registry+https://github.com/rust-lang/crates.io-index"
checksum = "1679e6ea370dee694f91f1dc469bf94cf8f52051d147aec3e1f9497c6fc22461"
dependencies = [
 "winapi",
]

[[package]]
name = "hex-literal"
version = "0.1.2"
source = "registry+https://github.com/rust-lang/crates.io-index"
checksum = "ae0e5c30fb65e661a0e39860e37100dfbe4d39aff865e9357a6a4ed0b5bbf303"
dependencies = [
 "hex-literal-impl",
 "proc-macro-hack",
]

[[package]]
name = "hex-literal-impl"
version = "0.1.1"
source = "registry+https://github.com/rust-lang/crates.io-index"
checksum = "1d340b6514f232f6db1bd16db65302a5278a04fef9ce867cb932e7e5fa21130a"
dependencies = [
 "proc-macro-hack",
]

[[package]]
name = "hmac"
version = "0.4.2"
source = "registry+https://github.com/rust-lang/crates.io-index"
checksum = "7a13f4163aa0c5ca1be584aace0e2212b2e41be5478218d4f657f5f778b2ae2a"
dependencies = [
 "crypto-mac",
 "digest 0.6.2",
 "generic-array 0.8.3",
]

[[package]]
name = "hmac-drbg"
version = "0.1.2"
source = "registry+https://github.com/rust-lang/crates.io-index"
checksum = "4fe727d41d2eec0a6574d887914347e5ff96a3b87177817e2a9820c5c87fecc2"
dependencies = [
 "digest 0.6.2",
 "generic-array 0.8.3",
 "hmac",
]

[[package]]
name = "impl-codec"
version = "0.2.0"
source = "registry+https://github.com/rust-lang/crates.io-index"
checksum = "d2050d823639fbeae26b2b5ba09aca8907793117324858070ade0673c49f793b"
dependencies = [
 "parity-codec",
]

[[package]]
name = "impl-serde"
version = "0.1.1"
source = "registry+https://github.com/rust-lang/crates.io-index"
checksum = "5158079de9d4158e0ce1de3ae0bd7be03904efc40b3d7dd8b8c301cbf6b52b56"
dependencies = [
 "rustc-hex",
 "serde",
]

[[package]]
name = "jubjub"
version = "0.1.0"
dependencies = [
 "blake2-rfc 0.2.18 (git+https://github.com/gtank/blake2-rfc?rev=7a5b5fc99ae483a0043db7547fb79a6fa44b88a9)",
 "byteorder",
 "hex-literal",
 "pairing",
 "parity-codec",
 "parity-codec-derive",
 "rand 0.4.6",
 "sr-std",
]

[[package]]
name = "keccak"
version = "0.1.0"
source = "registry+https://github.com/rust-lang/crates.io-index"
checksum = "67c21572b4949434e4fc1e1978b99c5f77064153c59d998bf13ecd96fb5ecba7"

[[package]]
name = "lazy_static"
version = "1.2.0"
source = "registry+https://github.com/rust-lang/crates.io-index"
checksum = "a374c89b9db55895453a74c1e38861d9deec0b01b405a82516e9d5de4820dea1"

[[package]]
name = "libc"
version = "0.2.48"
source = "registry+https://github.com/rust-lang/crates.io-index"
checksum = "e962c7641008ac010fa60a7dfdc1712449f29c44ef2d4702394aea943ee75047"

[[package]]
name = "libsecp256k1"
version = "0.2.2"
source = "registry+https://github.com/rust-lang/crates.io-index"
checksum = "688e8d65e495567c2c35ea0001b26b9debf0b4ea11f8cccc954233b75fc3428a"
dependencies = [
 "arrayref",
 "digest 0.6.2",
 "hmac-drbg",
 "rand 0.4.6",
 "sha2 0.6.0",
 "typenum",
]

[[package]]
name = "lock_api"
version = "0.1.5"
source = "registry+https://github.com/rust-lang/crates.io-index"
checksum = "62ebf1391f6acad60e5c8b43706dde4582df75c06698ab44511d15016bc2442c"
dependencies = [
 "owning_ref",
 "scopeguard",
]

[[package]]
name = "log"
version = "0.4.6"
source = "registry+https://github.com/rust-lang/crates.io-index"
checksum = "c84ec4b527950aa83a329754b01dbe3f58361d1c5efacd1f6d68c494d08a17c6"
dependencies = [
 "cfg-if",
]

[[package]]
name = "memory-db"
version = "0.11.0"
source = "registry+https://github.com/rust-lang/crates.io-index"
checksum = "94da53143d45f6bad3753f532e56ad57a6a26c0ca6881794583310c7cb4c885f"
dependencies = [
 "hash-db",
 "heapsize",
]

[[package]]
name = "memory_units"
version = "0.3.0"
source = "registry+https://github.com/rust-lang/crates.io-index"
checksum = "71d96e3f3c0b6325d8ccd83c33b28acb183edcb6c67938ba104ec546854b0882"

[[package]]
name = "merlin"
version = "1.0.2"
source = "registry+https://github.com/rust-lang/crates.io-index"
checksum = "6a9e97b439f6d38cbe2a4a4aa93f6770c5305f62761b78b1851406c09c87ee2a"
dependencies = [
 "byteorder",
 "clear_on_drop",
 "keccak",
 "rand 0.6.5",
 "rand_core 0.3.1",
]

[[package]]
name = "nodrop"
version = "0.1.13"
source = "registry+https://github.com/rust-lang/crates.io-index"
checksum = "2f9667ddcc6cc8a43afc9b7917599d7216aa09c463919ea32c59ed6cac8bc945"

[[package]]
name = "num_cpus"
version = "1.10.0"
source = "registry+https://github.com/rust-lang/crates.io-index"
checksum = "1a23f0ed30a54abaa0c7e83b1d2d87ada7c3c23078d1d87815af3e3b6385fbba"
dependencies = [
 "libc",
]

[[package]]
name = "opaque-debug"
version = "0.2.2"
source = "registry+https://github.com/rust-lang/crates.io-index"
checksum = "93f5bb2e8e8dec81642920ccff6b61f1eb94fa3020c5a325c9851ff604152409"

[[package]]
name = "owning_ref"
version = "0.4.0"
source = "registry+https://github.com/rust-lang/crates.io-index"
checksum = "49a4b8ea2179e6a2e27411d3bca09ca6dd630821cf6894c6c7c8467a8ee7ef13"
dependencies = [
 "stable_deref_trait",
]

[[package]]
name = "pairing"
version = "0.14.2"
dependencies = [
 "byteorder",
 "parity-codec",
 "parity-codec-derive",
 "rand 0.4.6",
 "serde",
 "serde_derive",
 "sr-std",
]

[[package]]
name = "parity-codec"
version = "3.0.0"
source = "registry+https://github.com/rust-lang/crates.io-index"
checksum = "88f69984317b736dceac3baa86600fc089856f69b44b07231f39b5648b02bcd4"
dependencies = [
 "arrayvec",
 "serde",
]

[[package]]
name = "parity-codec-derive"
version = "3.0.0"
source = "registry+https://github.com/rust-lang/crates.io-index"
checksum = "a58ba33211595f92cc2163ac583961d3dc767e656934146636b05256cc9acd7f"
dependencies = [
 "proc-macro2",
 "quote",
 "syn",
]

[[package]]
name = "parity-wasm"
version = "0.31.3"
source = "registry+https://github.com/rust-lang/crates.io-index"
checksum = "511379a8194230c2395d2f5fa627a5a7e108a9f976656ce723ae68fca4097bfc"
dependencies = [
 "byteorder",
]

[[package]]
name = "parking_lot"
version = "0.7.1"
source = "registry+https://github.com/rust-lang/crates.io-index"
checksum = "ab41b4aed082705d1056416ae4468b6ea99d52599ecf3169b00088d43113e337"
dependencies = [
 "lock_api",
 "parking_lot_core",
]

[[package]]
name = "parking_lot_core"
version = "0.4.0"
source = "registry+https://github.com/rust-lang/crates.io-index"
checksum = "94c8c7923936b28d546dfd14d4472eaf34c99b14e1c973a32b3e6d4eb04298c9"
dependencies = [
 "libc",
 "rand 0.6.5",
 "rustc_version",
 "smallvec",
 "winapi",
]

[[package]]
name = "primitive-types"
version = "0.2.1"
source = "registry+https://github.com/rust-lang/crates.io-index"
checksum = "edb92f1ebfc177432c03287b15d48c202e6e2c95993a7af3ba039abb43b1492e"
dependencies = [
 "fixed-hash",
 "impl-codec",
 "impl-serde",
 "uint",
]

[[package]]
name = "proc-macro-hack"
version = "0.4.1"
source = "registry+https://github.com/rust-lang/crates.io-index"
checksum = "2c725b36c99df7af7bf9324e9c999b9e37d92c8f8caf106d82e1d7953218d2d8"
dependencies = [
 "proc-macro-hack-impl",
]

[[package]]
name = "proc-macro-hack-impl"
version = "0.4.1"
source = "registry+https://github.com/rust-lang/crates.io-index"
checksum = "2b753ad9ed99dd8efeaa7d2fb8453c8f6bc3e54b97966d35f1bc77ca6865254a"

[[package]]
name = "proc-macro2"
version = "0.4.27"
source = "registry+https://github.com/rust-lang/crates.io-index"
checksum = "4d317f9caece796be1980837fd5cb3dfec5613ebdb04ad0956deea83ce168915"
dependencies = [
 "unicode-xid",
]

[[package]]
name = "quote"
version = "0.6.11"
source = "registry+https://github.com/rust-lang/crates.io-index"
checksum = "cdd8e04bd9c52e0342b406469d494fcb033be4bdbe5c606016defbb1681411e1"
dependencies = [
 "proc-macro2",
]

[[package]]
name = "rand"
version = "0.3.23"
source = "registry+https://github.com/rust-lang/crates.io-index"
checksum = "64ac302d8f83c0c1974bf758f6b041c6c8ada916fbb44a609158ca8b064cc76c"
dependencies = [
 "libc",
 "rand 0.4.6",
]

[[package]]
name = "rand"
version = "0.4.6"
source = "registry+https://github.com/rust-lang/crates.io-index"
checksum = "552840b97013b1a26992c11eac34bdd778e464601a4c2054b5f0bff7c6761293"
dependencies = [
 "fuchsia-cprng",
 "libc",
 "rand_core 0.3.1",
 "rdrand",
 "winapi",
]

[[package]]
name = "rand"
version = "0.5.6"
source = "registry+https://github.com/rust-lang/crates.io-index"
checksum = "c618c47cd3ebd209790115ab837de41425723956ad3ce2e6a7f09890947cacb9"
dependencies = [
 "cloudabi",
 "fuchsia-cprng",
 "libc",
 "rand_core 0.3.1",
 "winapi",
]

[[package]]
name = "rand"
version = "0.6.5"
source = "registry+https://github.com/rust-lang/crates.io-index"
checksum = "6d71dacdc3c88c1fde3885a3be3fbab9f35724e6ce99467f7d9c5026132184ca"
dependencies = [
 "autocfg",
 "libc",
 "rand_chacha",
 "rand_core 0.4.0",
 "rand_hc",
 "rand_isaac",
 "rand_jitter",
 "rand_os",
 "rand_pcg",
 "rand_xorshift",
 "winapi",
]

[[package]]
name = "rand_chacha"
version = "0.1.1"
source = "registry+https://github.com/rust-lang/crates.io-index"
checksum = "556d3a1ca6600bfcbab7c7c91ccb085ac7fbbcd70e008a98742e7847f4f7bcef"
dependencies = [
 "autocfg",
 "rand_core 0.3.1",
]

[[package]]
name = "rand_core"
version = "0.3.1"
source = "registry+https://github.com/rust-lang/crates.io-index"
checksum = "7a6fdeb83b075e8266dcc8762c22776f6877a63111121f5f8c7411e5be7eed4b"
dependencies = [
 "rand_core 0.4.0",
]

[[package]]
name = "rand_core"
version = "0.4.0"
source = "registry+https://github.com/rust-lang/crates.io-index"
checksum = "d0e7a549d590831370895ab7ba4ea0c1b6b011d106b5ff2da6eee112615e6dc0"

[[package]]
name = "rand_hc"
version = "0.1.0"
source = "registry+https://github.com/rust-lang/crates.io-index"
checksum = "7b40677c7be09ae76218dc623efbf7b18e34bced3f38883af07bb75630a21bc4"
dependencies = [
 "rand_core 0.3.1",
]

[[package]]
name = "rand_isaac"
version = "0.1.1"
source = "registry+https://github.com/rust-lang/crates.io-index"
checksum = "ded997c9d5f13925be2a6fd7e66bf1872597f759fd9dd93513dd7e92e5a5ee08"
dependencies = [
 "rand_core 0.3.1",
]

[[package]]
name = "rand_jitter"
version = "0.1.3"
source = "registry+https://github.com/rust-lang/crates.io-index"
checksum = "7b9ea758282efe12823e0d952ddb269d2e1897227e464919a554f2a03ef1b832"
dependencies = [
 "libc",
 "rand_core 0.4.0",
 "winapi",
]

[[package]]
name = "rand_os"
version = "0.1.2"
source = "registry+https://github.com/rust-lang/crates.io-index"
checksum = "b7c690732391ae0abafced5015ffb53656abfaec61b342290e5eb56b286a679d"
dependencies = [
 "cloudabi",
 "fuchsia-cprng",
 "libc",
 "rand_core 0.4.0",
 "rdrand",
 "winapi",
]

[[package]]
name = "rand_pcg"
version = "0.1.1"
source = "registry+https://github.com/rust-lang/crates.io-index"
checksum = "086bd09a33c7044e56bb44d5bdde5a60e7f119a9e95b0775f545de759a32fe05"
dependencies = [
 "rand_core 0.3.1",
 "rustc_version",
]

[[package]]
name = "rand_xorshift"
version = "0.1.1"
source = "registry+https://github.com/rust-lang/crates.io-index"
checksum = "cbf7e9e623549b0e21f6e97cf8ecf247c1a8fd2e8a992ae265314300b2455d5c"
dependencies = [
 "rand_core 0.3.1",
]

[[package]]
name = "rdrand"
version = "0.4.0"
source = "registry+https://github.com/rust-lang/crates.io-index"
checksum = "678054eb77286b51581ba43620cc911abf02758c91f93f479767aed0f90458b2"
dependencies = [
 "rand_core 0.3.1",
]

[[package]]
name = "redox_syscall"
version = "0.1.51"
source = "registry+https://github.com/rust-lang/crates.io-index"
checksum = "423e376fffca3dfa06c9e9790a9ccd282fafb3cc6e6397d01dbf64f9bacc6b85"

[[package]]
name = "ring"
version = "0.14.6"
source = "registry+https://github.com/rust-lang/crates.io-index"
checksum = "426bc186e3e95cac1e4a4be125a4aca7e84c2d616ffc02244eef36e2a60a093c"
dependencies = [
 "cc",
 "lazy_static",
 "libc",
 "spin",
 "untrusted",
 "winapi",
]

[[package]]
name = "rust-crypto"
version = "0.2.36"
source = "registry+https://github.com/rust-lang/crates.io-index"
checksum = "f76d05d3993fd5f4af9434e8e436db163a12a9d40e1a58a726f27a01dfd12a2a"
dependencies = [
 "gcc",
 "libc",
 "rand 0.3.23",
 "rustc-serialize",
 "time",
]

[[package]]
name = "rustc-demangle"
version = "0.1.13"
source = "registry+https://github.com/rust-lang/crates.io-index"
checksum = "adacaae16d02b6ec37fdc7acfcddf365978de76d1983d3ee22afc260e1ca9619"

[[package]]
name = "rustc-hex"
version = "2.0.1"
source = "registry+https://github.com/rust-lang/crates.io-index"
checksum = "403bb3a286107a04825a5f82e1270acc1e14028d3d554d7a1e08914549575ab8"

[[package]]
name = "rustc-serialize"
version = "0.3.24"
source = "registry+https://github.com/rust-lang/crates.io-index"
checksum = "dcf128d1287d2ea9d80910b5f1120d0b8eede3fbf1abe91c40d39ea7d51e6fda"

[[package]]
name = "rustc_version"
version = "0.2.3"
source = "registry+https://github.com/rust-lang/crates.io-index"
checksum = "138e3e0acb6c9fb258b19b67cb8abd63c00679d2851805ea151465464fe9030a"
dependencies = [
 "semver",
]

[[package]]
name = "sapling-crypto"
version = "0.0.1"
dependencies = [
 "bellman",
 "blake2-rfc 0.2.18 (git+https://github.com/gtank/blake2-rfc?rev=7a5b5fc99ae483a0043db7547fb79a6fa44b88a9)",
 "byteorder",
 "digest 0.7.6",
 "hex-literal",
 "pairing",
 "parity-codec",
 "parity-codec-derive",
 "rand 0.4.6",
 "rust-crypto",
 "serde",
 "serde_derive",
 "sr-io",
 "sr-std",
]

[[package]]
name = "schnorrkel"
version = "0.0.0"
source = "registry+https://github.com/rust-lang/crates.io-index"
checksum = "fe554f318830b48e5da8ab1ccb1ffd02b79228364dac7766b7cd1ec461ca5116"
dependencies = [
 "clear_on_drop",
 "curve25519-dalek",
 "ed25519-dalek",
 "failure",
 "merlin",
 "rand 0.6.5",
 "rand_chacha",
 "sha3",
 "subtle",
]

[[package]]
name = "scopeguard"
version = "0.3.3"
source = "registry+https://github.com/rust-lang/crates.io-index"
checksum = "94258f53601af11e6a49f722422f6e3425c52b06245a5cf9bc09908b174f5e27"

[[package]]
name = "semver"
version = "0.9.0"
source = "registry+https://github.com/rust-lang/crates.io-index"
checksum = "1d7eb9ef2c18661902cc47e535f9bc51b78acd254da71d375c2f6720d9a40403"
dependencies = [
 "semver-parser",
]

[[package]]
name = "semver-parser"
version = "0.7.0"
source = "registry+https://github.com/rust-lang/crates.io-index"
checksum = "388a1df253eca08550bef6c72392cfe7c30914bf41df5269b68cbd6ff8f570a3"

[[package]]
name = "serde"
version = "1.0.87"
source = "registry+https://github.com/rust-lang/crates.io-index"
checksum = "2e20fde37801e83c891a2dc4ebd3b81f0da4d1fb67a9e0a2a3b921e2536a58ee"

[[package]]
name = "serde_derive"
version = "1.0.87"
source = "registry+https://github.com/rust-lang/crates.io-index"
checksum = "633e97856567e518b59ffb2ad7c7a4fd4c5d91d9c7f32dd38a27b2bf7e8114ea"
dependencies = [
 "proc-macro2",
 "quote",
 "syn",
]

[[package]]
name = "sha2"
version = "0.6.0"
source = "registry+https://github.com/rust-lang/crates.io-index"
checksum = "7d963c78ce367df26d7ea8b8cc655c651b42e8a1e584e869c1e17dae3ccb116a"
dependencies = [
 "block-buffer 0.2.0",
 "byte-tools 0.2.0",
 "digest 0.6.2",
 "fake-simd",
 "generic-array 0.8.3",
]

[[package]]
name = "sha2"
version = "0.8.0"
source = "registry+https://github.com/rust-lang/crates.io-index"
checksum = "7b4d8bfd0e469f417657573d8451fb33d16cfe0989359b93baf3a1ffc639543d"
dependencies = [
 "block-buffer 0.7.0",
 "digest 0.8.0",
 "fake-simd",
 "opaque-debug",
]

[[package]]
name = "sha3"
version = "0.8.1"
source = "registry+https://github.com/rust-lang/crates.io-index"
checksum = "34a5e54083ce2b934bf059fdf38e7330a154177e029ab6c4e18638f2f624053a"
dependencies = [
 "block-buffer 0.7.0",
 "byte-tools 0.3.1",
 "digest 0.8.0",
 "keccak",
 "opaque-debug",
]

[[package]]
name = "smallvec"
version = "0.6.8"
source = "registry+https://github.com/rust-lang/crates.io-index"
checksum = "88aea073965ab29f6edb5493faf96ad662fb18aa9eeb186a3b7057951605ed15"
dependencies = [
 "unreachable",
]

[[package]]
name = "spin"
version = "0.5.0"
source = "registry+https://github.com/rust-lang/crates.io-index"
checksum = "44363f6f51401c34e7be73db0db371c04705d35efbe9f7d6082e03a921a32c55"

[[package]]
name = "sr-io"
version = "0.1.0"
source = "git+https://github.com/paritytech/substrate#3a9b1e47d25f4d924d49d18c5cdcc8f35d093751"
dependencies = [
 "environmental",
 "hash-db",
 "libsecp256k1",
 "parity-codec",
 "rustc_version",
 "sr-std",
 "substrate-primitives",
 "substrate-state-machine",
 "substrate-trie",
 "tiny-keccak",
]

[[package]]
name = "sr-std"
version = "0.1.0"
source = "git+https://github.com/paritytech/substrate#3a9b1e47d25f4d924d49d18c5cdcc8f35d093751"
dependencies = [
 "rustc_version",
]

[[package]]
name = "stable_deref_trait"
version = "1.1.1"
source = "registry+https://github.com/rust-lang/crates.io-index"
checksum = "dba1a27d3efae4351c8051072d619e3ade2820635c3958d826bfea39d59b54c8"

[[package]]
name = "static_assertions"
version = "0.2.5"
source = "registry+https://github.com/rust-lang/crates.io-index"
checksum = "c19be23126415861cb3a23e501d34a708f7f9b2183c5252d690941c2e69199d5"

[[package]]
name = "substrate-panic-handler"
version = "0.1.0"
source = "git+https://github.com/paritytech/substrate#3a9b1e47d25f4d924d49d18c5cdcc8f35d093751"
dependencies = [
 "backtrace",
 "log",
]

[[package]]
name = "substrate-primitives"
version = "0.1.0"
source = "git+https://github.com/paritytech/substrate#3a9b1e47d25f4d924d49d18c5cdcc8f35d093751"
dependencies = [
 "base58",
 "blake2-rfc 0.2.18 (registry+https://github.com/rust-lang/crates.io-index)",
 "byteorder",
 "hash-db",
 "hash256-std-hasher",
 "hex-literal",
 "impl-serde",
 "parity-codec",
 "parity-codec-derive",
 "primitive-types",
 "rand 0.6.5",
 "ring",
 "rustc-hex",
 "schnorrkel",
 "serde",
 "serde_derive",
 "sha2 0.8.0",
 "sr-std",
 "twox-hash",
 "untrusted",
 "wasmi",
]

[[package]]
name = "substrate-state-machine"
version = "0.1.0"
source = "git+https://github.com/paritytech/substrate#3a9b1e47d25f4d924d49d18c5cdcc8f35d093751"
dependencies = [
 "hash-db",
 "heapsize",
 "hex-literal",
 "log",
 "parity-codec",
 "parking_lot",
 "substrate-panic-handler",
 "substrate-primitives",
 "substrate-trie",
 "trie-db",
 "trie-root",
]

[[package]]
name = "substrate-trie"
version = "0.4.0"
source = "git+https://github.com/paritytech/substrate#3a9b1e47d25f4d924d49d18c5cdcc8f35d093751"
dependencies = [
 "hash-db",
 "memory-db",
 "parity-codec",
 "trie-db",
 "trie-root",
]

[[package]]
name = "subtle"
version = "2.0.0"
source = "registry+https://github.com/rust-lang/crates.io-index"
checksum = "702662512f3ddeb74a64ce2fbbf3707ee1b6bb663d28bb054e0779bbc720d926"

[[package]]
name = "syn"
version = "0.15.26"
source = "registry+https://github.com/rust-lang/crates.io-index"
checksum = "f92e629aa1d9c827b2bb8297046c1ccffc57c99b947a680d3ccff1f136a3bee9"
dependencies = [
 "proc-macro2",
 "quote",
 "unicode-xid",
]

[[package]]
name = "time"
version = "0.1.42"
source = "registry+https://github.com/rust-lang/crates.io-index"
checksum = "db8dcfca086c1143c9270ac42a2bbd8a7ee477b78ac8e45b19abfb0cbede4b6f"
dependencies = [
 "libc",
 "redox_syscall",
 "winapi",
]

[[package]]
name = "tiny-keccak"
version = "1.4.2"
source = "registry+https://github.com/rust-lang/crates.io-index"
checksum = "e9175261fbdb60781fcd388a4d6cc7e14764a2b629a7ad94abb439aed223a44f"
dependencies = [
 "crunchy 0.1.6",
]

[[package]]
name = "trie-db"
version = "0.11.0"
source = "registry+https://github.com/rust-lang/crates.io-index"
checksum = "3c7319e28ca295f27359d944a682f7f65b419158bf1590c92cadc0000258d788"
dependencies = [
 "elastic-array",
 "hash-db",
 "log",
 "rand 0.6.5",
]

[[package]]
name = "trie-root"
version = "0.11.0"
source = "registry+https://github.com/rust-lang/crates.io-index"
checksum = "e3c6fef2705af3258ec46a7e22286090394a44216201a1cf7d04b78db825e543"
dependencies = [
 "hash-db",
]

[[package]]
name = "twox-hash"
version = "1.1.2"
source = "registry+https://github.com/rust-lang/crates.io-index"
checksum = "555cd4909480122bbbf21e34faac4cb08a171f324775670447ed116726c474af"
dependencies = [
 "rand 0.6.5",
]

[[package]]
name = "typenum"
version = "1.10.0"
source = "registry+https://github.com/rust-lang/crates.io-index"
checksum = "612d636f949607bdf9b123b4a6f6d966dedf3ff669f7f045890d3a4a73948169"

[[package]]
name = "uint"
version = "0.6.1"
source = "registry+https://github.com/rust-lang/crates.io-index"
checksum = "e7780bb27fd8a22295e0d9d53ae3be253f715a0dccb1808527f478f1c2603708"
dependencies = [
 "byteorder",
 "crunchy 0.2.1",
 "heapsize",
 "rustc-hex",
]

[[package]]
name = "unicode-xid"
version = "0.1.0"
source = "registry+https://github.com/rust-lang/crates.io-index"
checksum = "fc72304796d0818e357ead4e000d19c9c174ab23dc11093ac919054d20a6a7fc"

[[package]]
name = "unreachable"
version = "1.0.0"
source = "registry+https://github.com/rust-lang/crates.io-index"
checksum = "382810877fe448991dfc7f0dd6e3ae5d58088fd0ea5e35189655f84e6814fa56"
dependencies = [
 "void",
]

[[package]]
name = "untrusted"
version = "0.6.2"
source = "registry+https://github.com/rust-lang/crates.io-index"
checksum = "55cd1f4b4e96b46aeb8d4855db4a7a9bd96eeeb5c6a1ab54593328761642ce2f"

[[package]]
name = "void"
version = "1.0.2"
source = "registry+https://github.com/rust-lang/crates.io-index"
checksum = "6a02e4885ed3bc0f2de90ea6dd45ebcbb66dacffe03547fadbb0eeae2770887d"

[[package]]
name = "wasmi"
version = "0.4.3"
source = "registry+https://github.com/rust-lang/crates.io-index"
checksum = "21ef487a11df1ed468cf613c78798c26282da5c30e9d49f824872d4c77b47d1d"
dependencies = [
 "byteorder",
 "memory_units",
 "parity-wasm",
]

[[package]]
name = "winapi"
version = "0.3.6"
source = "registry+https://github.com/rust-lang/crates.io-index"
checksum = "92c1eb33641e276cfa214a0522acad57be5c56b10cb348b3c5117db75f3ac4b0"
dependencies = [
 "winapi-i686-pc-windows-gnu",
 "winapi-x86_64-pc-windows-gnu",
]

[[package]]
name = "winapi-i686-pc-windows-gnu"
version = "0.4.0"
source = "registry+https://github.com/rust-lang/crates.io-index"
checksum = "ac3b87c63620426dd9b991e5ce0329eff545bccbbb34f3be09ff6fb6ab51b7b6"

[[package]]
name = "winapi-x86_64-pc-windows-gnu"
version = "0.4.0"
source = "registry+https://github.com/rust-lang/crates.io-index"
checksum = "712e227841d057c1ee1cd2fb22fa7e5a5461ae8e48fa2ca79ec42cfc1931183f"

[[package]]
name = "zcash_primitives"
version = "0.0.0"
dependencies = [
 "blake2-rfc 0.2.18 (git+https://github.com/gtank/blake2-rfc?rev=7a5b5fc99ae483a0043db7547fb79a6fa44b88a9)",
 "byteorder",
 "lazy_static",
 "pairing",
 "rand 0.4.6",
 "sapling-crypto",
]
